
Microsoft Visual Studio Solution File, Format Version 12.00
Project("{FAE04EC0-301F-11D3-BF4B-00C04F79EFBC}") = "Calculator", "Calculator\Calculator.csproj", "{5EE56E88-498F-4838-BA21-A1772497ABFE}"
EndProject
Project("{FAE04EC0-301F-11D3-BF4B-00C04F79EFBC}") = "CalculatorTest", "CalculatorTest\CalculatorTest.csproj", "{0373A988-D9D0-478E-97E6-DE066FA8D087}"
EndProject
Global
	GlobalSection(SolutionConfigurationPlatforms) = preSolution
		Debug|Any CPU = Debug|Any CPU
		Release|Any CPU = Release|Any CPU
	EndGlobalSection
	GlobalSection(ProjectConfigurationPlatforms) = postSolution
		{5EE56E88-498F-4838-BA21-A1772497ABFE}.Debug|Any CPU.ActiveCfg = Debug|Any CPU
		{5EE56E88-498F-4838-BA21-A1772497ABFE}.Debug|Any CPU.Build.0 = Debug|Any CPU
		{5EE56E88-498F-4838-BA21-A1772497ABFE}.Release|Any CPU.ActiveCfg = Release|Any CPU
		{5EE56E88-498F-4838-BA21-A1772497ABFE}.Release|Any CPU.Build.0 = Release|Any CPU
		{0373A988-D9D0-478E-97E6-DE066FA8D087}.Debug|Any CPU.ActiveCfg = Debug|Any CPU
		{0373A988-D9D0-478E-97E6-DE066FA8D087}.Debug|Any CPU.Build.0 = Debug|Any CPU
		{0373A988-D9D0-478E-97E6-DE066FA8D087}.Release|Any CPU.ActiveCfg = Release|Any CPU
		{0373A988-D9D0-478E-97E6-DE066FA8D087}.Release|Any CPU.Build.0 = Release|Any CPU
	EndGlobalSection
EndGlobal
